
Microsoft Visual Studio Solution File, Format Version 12.00
# Visual Studio Version 16
VisualStudioVersion = 16.0.31911.196
MinimumVisualStudioVersion = 10.0.40219.1
Project("{FAE04EC0-301F-11D3-BF4B-00C04F79EFBC}") = "Version03", "Version03\Version03.csproj", "{8C9D1744-128B-4DDD-844B-3C010308A779}"
EndProject
Global
	GlobalSection(SolutionConfigurationPlatforms) = preSolution
		Debug|Any CPU = Debug|Any CPU
		Release|Any CPU = Release|Any CPU
	EndGlobalSection
	GlobalSection(ProjectConfigurationPlatforms) = postSolution
		{8C9D1744-128B-4DDD-844B-3C010308A779}.Debug|Any CPU.ActiveCfg = Debug|Any CPU
		{8C9D1744-128B-4DDD-844B-3C010308A779}.Debug|Any CPU.Build.0 = Debug|Any CPU
		{8C9D1744-128B-4DDD-844B-3C010308A779}.Release|Any CPU.ActiveCfg = Release|Any CPU
		{8C9D1744-128B-4DDD-844B-3C010308A779}.Release|Any CPU.Build.0 = Release|Any CPU
	EndGlobalSection
	GlobalSection(SolutionProperties) = preSolution
		HideSolutionNode = FALSE
	EndGlobalSection
	GlobalSection(ExtensibilityGlobals) = postSolution
		SolutionGuid = {9AD38AA1-2ED9-4A1A-920B-223968806E16}
	EndGlobalSection
EndGlobal
